
Microsoft Visual Studio Solution File, Format Version 12.00
# Visual Studio Version 17
VisualStudioVersion = 17.7.34009.444
MinimumVisualStudioVersion = 10.0.40219.1
Project("{FAE04EC0-301F-11D3-BF4B-00C04F79EFBC}") = "Bai4", "Bai4\Bai4.csproj", "{4AAE9F76-69F7-4569-A79E-2AD74F0FC3CE}"
EndProject
Global
	GlobalSection(SolutionConfigurationPlatforms) = preSolution
		Debug|Any CPU = Debug|Any CPU
		Release|Any CPU = Release|Any CPU
	EndGlobalSection
	GlobalSection(ProjectConfigurationPlatforms) = postSolution
		{4AAE9F76-69F7-4569-A79E-2AD74F0FC3CE}.Debug|Any CPU.ActiveCfg = Debug|Any CPU
		{4AAE9F76-69F7-4569-A79E-2AD74F0FC3CE}.Debug|Any CPU.Build.0 = Debug|Any CPU
		{4AAE9F76-69F7-4569-A79E-2AD74F0FC3CE}.Release|Any CPU.ActiveCfg = Release|Any CPU
		{4AAE9F76-69F7-4569-A79E-2AD74F0FC3CE}.Release|Any CPU.Build.0 = Release|Any CPU
	EndGlobalSection
	GlobalSection(SolutionProperties) = preSolution
		HideSolutionNode = FALSE
	EndGlobalSection
	GlobalSection(ExtensibilityGlobals) = postSolution
		SolutionGuid = {D4DA2DD9-319C-4E36-95C9-24C868A74D1D}
	EndGlobalSection
EndGlobal
